{
	"name": "trump_website",
	"version": "1.0.0",
	"lockfileVersion": 2,
	"requires": true,
	"packages": {
		"": {
			"version": "1.0.0",
			"license": "ISC",
			"dependencies": {
				"eslint": "^7.3.0",
				"express": "^4.17.1",
				"underscore": "^1.10.2"
			},
			"devDependencies": {
				"prettier": "^2.3.1"
			}
		},
		"node_modules/@babel/code-frame": {
			"version": "7.10.3",
			"license": "MIT",
			"dependencies": {
				"@babel/highlight": "^7.10.3"
			}
		},
		"node_modules/@babel/helper-validator-identifier": {
			"version": "7.10.3",
			"license": "MIT"
		},
		"node_modules/@babel/highlight": {
			"version": "7.10.3",
			"license": "MIT",
			"dependencies": {
				"@babel/helper-validator-identifier": "^7.10.3",
				"chalk": "^2.0.0",
				"js-tokens": "^4.0.0"
			}
		},
		"node_modules/@babel/highlight/node_modules/chalk": {
			"version": "2.4.2",
			"license": "MIT",
			"dependencies": {
				"ansi-styles": "^3.2.1",
				"escape-string-regexp": "^1.0.5",
				"supports-color": "^5.3.0"
			},
			"engines": {
				"node": ">=4"
			}
		},
		"node_modules/@types/color-name": {
			"version": "1.1.1",
			"license": "MIT"
		},
		"node_modules/accepts": {
			"version": "1.3.7",
			"license": "MIT",
			"dependencies": {
				"mime-types": "~2.1.24",
				"negotiator": "0.6.2"
			},
			"engines": {
				"node": ">= 0.6"
			}
		},
		"node_modules/acorn": {
			"version": "7.3.1",
			"license": "MIT",
			"bin": {
				"acorn": "bin/acorn"
			},
			"engines": {
				"node": ">=0.4.0"
			}
		},
		"node_modules/acorn-jsx": {
			"version": "5.2.0",
			"license": "MIT",
			"peerDependencies": {
				"acorn": "^6.0.0 || ^7.0.0"
			}
		},
		"node_modules/ajv": {
			"version": "6.12.2",
			"license": "MIT",
			"dependencies": {
				"fast-deep-equal": "^3.1.1",
				"fast-json-stable-stringify": "^2.0.0",
				"json-schema-traverse": "^0.4.1",
				"uri-js": "^4.2.2"
			}
		},
		"node_modules/ansi-colors": {
			"version": "4.1.1",
			"license": "MIT",
			"engines": {
				"node": ">=6"
			}
		},
		"node_modules/ansi-regex": {
			"version": "5.0.0",
			"license": "MIT",
			"engines": {
				"node": ">=8"
			}
		},
		"node_modules/ansi-styles": {
			"version": "3.2.1",
			"license": "MIT",
			"dependencies": {
				"color-convert": "^1.9.0"
			},
			"engines": {
				"node": ">=4"
			}
		},
		"node_modules/argparse": {
			"version": "1.0.10",
			"license": "MIT",
			"dependencies": {
				"sprintf-js": "~1.0.2"
			}
		},
		"node_modules/array-flatten": {
			"version": "1.1.1",
			"license": "MIT"
		},
		"node_modules/astral-regex": {
			"version": "1.0.0",
			"license": "MIT",
			"engines": {
				"node": ">=4"
			}
		},
		"node_modules/balanced-match": {
			"version": "1.0.0",
			"license": "MIT"
		},
		"node_modules/body-parser": {
			"version": "1.19.0",
			"license": "MIT",
			"dependencies": {
				"bytes": "3.1.0",
				"content-type": "~1.0.4",
				"debug": "2.6.9",
				"depd": "~1.1.2",
				"http-errors": "1.7.2",
				"iconv-lite": "0.4.24",
				"on-finished": "~2.3.0",
				"qs": "6.7.0",
				"raw-body": "2.4.0",
				"type-is": "~1.6.17"
			},
			"engines": {
				"node": ">= 0.8"
			}
		},
		"node_modules/body-parser/node_modules/debug": {
			"version": "2.6.9",
			"license": "MIT",
			"dependencies": {
				"ms": "2.0.0"
			}
		},
		"node_modules/body-parser/node_modules/ms": {
			"version": "2.0.0",
			"license": "MIT"
		},
		"node_modules/brace-expansion": {
			"version": "1.1.11",
			"license": "MIT",
			"dependencies": {
				"balanced-match": "^1.0.0",
				"concat-map": "0.0.1"
			}
		},
		"node_modules/bytes": {
			"version": "3.1.0",
			"license": "MIT",
			"engines": {
				"node": ">= 0.8"
			}
		},
		"node_modules/callsites": {
			"version": "3.1.0",
			"license": "MIT",
			"engines": {
				"node": ">=6"
			}
		},
		"node_modules/chalk": {
			"version": "4.1.0",
			"license": "MIT",
			"dependencies": {
				"ansi-styles": "^4.1.0",
				"supports-color": "^7.1.0"
			},
			"engines": {
				"node": ">=10"
			},
			"funding": {
				"url": "https://github.com/chalk/chalk?sponsor=1"
			}
		},
		"node_modules/chalk/node_modules/ansi-styles": {
			"version": "4.2.1",
			"license": "MIT",
			"dependencies": {
				"@types/color-name": "^1.1.1",
				"color-convert": "^2.0.1"
			},
			"engines": {
				"node": ">=8"
			},
			"funding": {
				"url": "https://github.com/chalk/ansi-styles?sponsor=1"
			}
		},
		"node_modules/chalk/node_modules/color-convert": {
			"version": "2.0.1",
			"license": "MIT",
			"dependencies": {
				"color-name": "~1.1.4"
			},
			"engines": {
				"node": ">=7.0.0"
			}
		},
		"node_modules/chalk/node_modules/color-name": {
			"version": "1.1.4",
			"license": "MIT"
		},
		"node_modules/chalk/node_modules/has-flag": {
			"version": "4.0.0",
			"license": "MIT",
			"engines": {
				"node": ">=8"
			}
		},
		"node_modules/chalk/node_modules/supports-color": {
			"version": "7.1.0",
			"license": "MIT",
			"dependencies": {
				"has-flag": "^4.0.0"
			},
			"engines": {
				"node": ">=8"
			}
		},
		"node_modules/color-convert": {
			"version": "1.9.3",
			"license": "MIT",
			"dependencies": {
				"color-name": "1.1.3"
			}
		},
		"node_modules/color-name": {
			"version": "1.1.3",
			"license": "MIT"
		},
		"node_modules/concat-map": {
			"version": "0.0.1",
			"license": "MIT"
		},
		"node_modules/content-disposition": {
			"version": "0.5.3",
			"license": "MIT",
			"dependencies": {
				"safe-buffer": "5.1.2"
			},
			"engines": {
				"node": ">= 0.6"
			}
		},
		"node_modules/content-type": {
			"version": "1.0.4",
			"license": "MIT",
			"engines": {
				"node": ">= 0.6"
			}
		},
		"node_modules/cookie": {
			"version": "0.4.0",
			"license": "MIT",
			"engines": {
				"node": ">= 0.6"
			}
		},
		"node_modules/cookie-signature": {
			"version": "1.0.6",
			"license": "MIT"
		},
		"node_modules/cross-spawn": {
			"version": "7.0.3",
			"license": "MIT",
			"dependencies": {
				"path-key": "^3.1.0",
				"shebang-command": "^2.0.0",
				"which": "^2.0.1"
			},
			"engines": {
				"node": ">= 8"
			}
		},
		"node_modules/debug": {
			"version": "4.3.1",
			"license": "MIT",
			"dependencies": {
				"ms": "2.1.2"
			},
			"engines": {
				"node": ">=6.0"
			},
			"peerDependenciesMeta": {
				"supports-color": {
					"optional": true
				}
			}
		},
		"node_modules/deep-is": {
			"version": "0.1.3",
			"license": "MIT"
		},
		"node_modules/depd": {
			"version": "1.1.2",
			"license": "MIT",
			"engines": {
				"node": ">= 0.6"
			}
		},
		"node_modules/destroy": {
			"version": "1.0.4",
			"license": "MIT"
		},
		"node_modules/doctrine": {
			"version": "3.0.0",
			"license": "Apache-2.0",
			"dependencies": {
				"esutils": "^2.0.2"
			},
			"engines": {
				"node": ">=6.0.0"
			}
		},
		"node_modules/ee-first": {
			"version": "1.1.1",
			"license": "MIT"
		},
		"node_modules/emoji-regex": {
			"version": "7.0.3",
			"license": "MIT"
		},
		"node_modules/encodeurl": {
			"version": "1.0.2",
			"license": "MIT",
			"engines": {
				"node": ">= 0.8"
			}
		},
		"node_modules/enquirer": {
			"version": "2.3.6",
			"license": "MIT",
			"dependencies": {
				"ansi-colors": "^4.1.1"
			},
			"engines": {
				"node": ">=8.6"
			}
		},
		"node_modules/escape-html": {
			"version": "1.0.3",
			"license": "MIT"
		},
		"node_modules/escape-string-regexp": {
			"version": "1.0.5",
			"license": "MIT",
			"engines": {
				"node": ">=0.8.0"
			}
		},
		"node_modules/eslint": {
			"version": "7.3.0",
			"license": "MIT",
			"dependencies": {
				"@babel/code-frame": "^7.0.0",
				"ajv": "^6.10.0",
				"chalk": "^4.0.0",
				"cross-spawn": "^7.0.2",
				"debug": "^4.0.1",
				"doctrine": "^3.0.0",
				"enquirer": "^2.3.5",
				"eslint-scope": "^5.1.0",
				"eslint-utils": "^2.0.0",
				"eslint-visitor-keys": "^1.2.0",
				"espree": "^7.1.0",
				"esquery": "^1.2.0",
				"esutils": "^2.0.2",
				"file-entry-cache": "^5.0.1",
				"functional-red-black-tree": "^1.0.1",
				"glob-parent": "^5.0.0",
				"globals": "^12.1.0",
				"ignore": "^4.0.6",
				"import-fresh": "^3.0.0",
				"imurmurhash": "^0.1.4",
				"is-glob": "^4.0.0",
				"js-yaml": "^3.13.1",
				"json-stable-stringify-without-jsonify": "^1.0.1",
				"levn": "^0.4.1",
				"lodash": "^4.17.14",
				"minimatch": "^3.0.4",
				"natural-compare": "^1.4.0",
				"optionator": "^0.9.1",
				"progress": "^2.0.0",
				"regexpp": "^3.1.0",
				"semver": "^7.2.1",
				"strip-ansi": "^6.0.0",
				"strip-json-comments": "^3.1.0",
				"table": "^5.2.3",
				"text-table": "^0.2.0",
				"v8-compile-cache": "^2.0.3"
			},
			"bin": {
				"eslint": "bin/eslint.js"
			},
			"engines": {
				"node": "^10.12.0 || >=12.0.0"
			},
			"funding": {
				"url": "https://opencollective.com/eslint"
			}
		},
		"node_modules/eslint-scope": {
			"version": "5.1.0",
			"license": "BSD-2-Clause",
			"dependencies": {
				"esrecurse": "^4.1.0",
				"estraverse": "^4.1.1"
			},
			"engines": {
				"node": ">=8.0.0"
			}
		},
		"node_modules/eslint-utils": {
			"version": "2.1.0",
			"license": "MIT",
			"dependencies": {
				"eslint-visitor-keys": "^1.1.0"
			},
			"engines": {
				"node": ">=6"
			},
			"funding": {
				"url": "https://github.com/sponsors/mysticatea"
			}
		},
		"node_modules/eslint-visitor-keys": {
			"version": "1.3.0",
			"license": "Apache-2.0",
			"engines": {
				"node": ">=4"
			}
		},
		"node_modules/espree": {
			"version": "7.1.0",
			"license": "BSD-2-Clause",
			"dependencies": {
				"acorn": "^7.2.0",
				"acorn-jsx": "^5.2.0",
				"eslint-visitor-keys": "^1.2.0"
			},
			"engines": {
				"node": "^10.12.0 || >=12.0.0"
			}
		},
		"node_modules/esprima": {
			"version": "4.0.1",
			"license": "BSD-2-Clause",
			"bin": {
				"esparse": "bin/esparse.js",
				"esvalidate": "bin/esvalidate.js"
			},
			"engines": {
				"node": ">=4"
			}
		},
		"node_modules/esquery": {
			"version": "1.3.1",
			"license": "BSD-3-Clause",
			"dependencies": {
				"estraverse": "^5.1.0"
			},
			"engines": {
				"node": ">=0.10"
			}
		},
		"node_modules/esquery/node_modules/estraverse": {
			"version": "5.1.0",
			"license": "BSD-2-Clause",
			"engines": {
				"node": ">=4.0"
			}
		},
		"node_modules/esrecurse": {
			"version": "4.2.1",
			"license": "BSD-2-Clause",
			"dependencies": {
				"estraverse": "^4.1.0"
			},
			"engines": {
				"node": ">=4.0"
			}
		},
		"node_modules/estraverse": {
			"version": "4.3.0",
			"license": "BSD-2-Clause",
			"engines": {
				"node": ">=4.0"
			}
		},
		"node_modules/esutils": {
			"version": "2.0.3",
			"license": "BSD-2-Clause",
			"engines": {
				"node": ">=0.10.0"
			}
		},
		"node_modules/etag": {
			"version": "1.8.1",
			"license": "MIT",
			"engines": {
				"node": ">= 0.6"
			}
		},
		"node_modules/express": {
			"version": "4.17.1",
			"license": "MIT",
			"dependencies": {
				"accepts": "~1.3.7",
				"array-flatten": "1.1.1",
				"body-parser": "1.19.0",
				"content-disposition": "0.5.3",
				"content-type": "~1.0.4",
				"cookie": "0.4.0",
				"cookie-signature": "1.0.6",
				"debug": "2.6.9",
				"depd": "~1.1.2",
				"encodeurl": "~1.0.2",
				"escape-html": "~1.0.3",
				"etag": "~1.8.1",
				"finalhandler": "~1.1.2",
				"fresh": "0.5.2",
				"merge-descriptors": "1.0.1",
				"methods": "~1.1.2",
				"on-finished": "~2.3.0",
				"parseurl": "~1.3.3",
				"path-to-regexp": "0.1.7",
				"proxy-addr": "~2.0.5",
				"qs": "6.7.0",
				"range-parser": "~1.2.1",
				"safe-buffer": "5.1.2",
				"send": "0.17.1",
				"serve-static": "1.14.1",
				"setprototypeof": "1.1.1",
				"statuses": "~1.5.0",
				"type-is": "~1.6.18",
				"utils-merge": "1.0.1",
				"vary": "~1.1.2"
			},
			"engines": {
				"node": ">= 0.10.0"
			}
		},
		"node_modules/express/node_modules/debug": {
			"version": "2.6.9",
			"license": "MIT",
			"dependencies": {
				"ms": "2.0.0"
			}
		},
		"node_modules/express/node_modules/ms": {
			"version": "2.0.0",
			"license": "MIT"
		},
		"node_modules/fast-deep-equal": {
			"version": "3.1.3",
			"license": "MIT"
		},
		"node_modules/fast-json-stable-stringify": {
			"version": "2.1.0",
			"license": "MIT"
		},
		"node_modules/fast-levenshtein": {
			"version": "2.0.6",
			"license": "MIT"
		},
		"node_modules/file-entry-cache": {
			"version": "5.0.1",
			"license": "MIT",
			"dependencies": {
				"flat-cache": "^2.0.1"
			},
			"engines": {
				"node": ">=4"
			}
		},
		"node_modules/finalhandler": {
			"version": "1.1.2",
			"license": "MIT",
			"dependencies": {
				"debug": "2.6.9",
				"encodeurl": "~1.0.2",
				"escape-html": "~1.0.3",
				"on-finished": "~2.3.0",
				"parseurl": "~1.3.3",
				"statuses": "~1.5.0",
				"unpipe": "~1.0.0"
			},
			"engines": {
				"node": ">= 0.8"
			}
		},
		"node_modules/finalhandler/node_modules/debug": {
			"version": "2.6.9",
			"license": "MIT",
			"dependencies": {
				"ms": "2.0.0"
			}
		},
		"node_modules/finalhandler/node_modules/ms": {
			"version": "2.0.0",
			"license": "MIT"
		},
		"node_modules/flat-cache": {
			"version": "2.0.1",
			"license": "MIT",
			"dependencies": {
				"flatted": "^2.0.0",
				"rimraf": "2.6.3",
				"write": "1.0.3"
			},
			"engines": {
				"node": ">=4"
			}
		},
		"node_modules/flatted": {
			"version": "2.0.2",
			"license": "ISC"
		},
		"node_modules/forwarded": {
			"version": "0.1.2",
			"license": "MIT",
			"engines": {
				"node": ">= 0.6"
			}
		},
		"node_modules/fresh": {
			"version": "0.5.2",
			"license": "MIT",
			"engines": {
				"node": ">= 0.6"
			}
		},
		"node_modules/fs.realpath": {
			"version": "1.0.0",
			"license": "ISC"
		},
		"node_modules/functional-red-black-tree": {
			"version": "1.0.1",
			"license": "MIT"
		},
		"node_modules/glob": {
			"version": "7.1.6",
			"license": "ISC",
			"dependencies": {
				"fs.realpath": "^1.0.0",
				"inflight": "^1.0.4",
				"inherits": "2",
				"minimatch": "^3.0.4",
				"once": "^1.3.0",
				"path-is-absolute": "^1.0.0"
			},
			"engines": {
				"node": "*"
			},
			"funding": {
				"url": "https://github.com/sponsors/isaacs"
			}
		},
		"node_modules/glob-parent": {
			"version": "5.1.2",
			"license": "ISC",
			"dependencies": {
				"is-glob": "^4.0.1"
			},
			"engines": {
				"node": ">= 6"
			}
		},
		"node_modules/globals": {
			"version": "12.4.0",
			"license": "MIT",
			"dependencies": {
				"type-fest": "^0.8.1"
			},
			"engines": {
				"node": ">=8"
			},
			"funding": {
				"url": "https://github.com/sponsors/sindresorhus"
			}
		},
		"node_modules/has-flag": {
			"version": "3.0.0",
			"license": "MIT",
			"engines": {
				"node": ">=4"
			}
		},
		"node_modules/http-errors": {
			"version": "1.7.2",
			"license": "MIT",
			"dependencies": {
				"depd": "~1.1.2",
				"inherits": "2.0.3",
				"setprototypeof": "1.1.1",
				"statuses": ">= 1.5.0 < 2",
				"toidentifier": "1.0.0"
			},
			"engines": {
				"node": ">= 0.6"
			}
		},
		"node_modules/http-errors/node_modules/inherits": {
			"version": "2.0.3",
			"license": "ISC"
		},
		"node_modules/iconv-lite": {
			"version": "0.4.24",
			"license": "MIT",
			"dependencies": {
				"safer-buffer": ">= 2.1.2 < 3"
			},
			"engines": {
				"node": ">=0.10.0"
			}
		},
		"node_modules/ignore": {
			"version": "4.0.6",
			"license": "MIT",
			"engines": {
				"node": ">= 4"
			}
		},
		"node_modules/import-fresh": {
			"version": "3.2.1",
			"license": "MIT",
			"dependencies": {
				"parent-module": "^1.0.0",
				"resolve-from": "^4.0.0"
			},
			"engines": {
				"node": ">=6"
			}
		},
		"node_modules/imurmurhash": {
			"version": "0.1.4",
			"license": "MIT",
			"engines": {
				"node": ">=0.8.19"
			}
		},
		"node_modules/inflight": {
			"version": "1.0.6",
			"license": "ISC",
			"dependencies": {
				"once": "^1.3.0",
				"wrappy": "1"
			}
		},
		"node_modules/inherits": {
			"version": "2.0.4",
			"license": "ISC"
		},
		"node_modules/ipaddr.js": {
			"version": "1.9.1",
			"license": "MIT",
			"engines": {
				"node": ">= 0.10"
			}
		},
		"node_modules/is-extglob": {
			"version": "2.1.1",
			"license": "MIT",
			"engines": {
				"node": ">=0.10.0"
			}
		},
		"node_modules/is-fullwidth-code-point": {
			"version": "2.0.0",
			"license": "MIT",
			"engines": {
				"node": ">=4"
			}
		},
		"node_modules/is-glob": {
			"version": "4.0.1",
			"license": "MIT",
			"dependencies": {
				"is-extglob": "^2.1.1"
			},
			"engines": {
				"node": ">=0.10.0"
			}
		},
		"node_modules/isexe": {
			"version": "2.0.0",
			"license": "ISC"
		},
		"node_modules/js-tokens": {
			"version": "4.0.0",
			"license": "MIT"
		},
		"node_modules/js-yaml": {
			"version": "3.14.0",
			"license": "MIT",
			"dependencies": {
				"argparse": "^1.0.7",
				"esprima": "^4.0.0"
			},
			"bin": {
				"js-yaml": "bin/js-yaml.js"
			}
		},
		"node_modules/json-schema-traverse": {
			"version": "0.4.1",
			"license": "MIT"
		},
		"node_modules/json-stable-stringify-without-jsonify": {
			"version": "1.0.1",
			"license": "MIT"
		},
		"node_modules/levn": {
			"version": "0.4.1",
			"license": "MIT",
			"dependencies": {
				"prelude-ls": "^1.2.1",
				"type-check": "~0.4.0"
			},
			"engines": {
				"node": ">= 0.8.0"
			}
		},
		"node_modules/lodash": {
			"version": "4.17.19",
			"license": "MIT"
		},
		"node_modules/media-typer": {
			"version": "0.3.0",
			"license": "MIT",
			"engines": {
				"node": ">= 0.6"
			}
		},
		"node_modules/merge-descriptors": {
			"version": "1.0.1",
			"license": "MIT"
		},
		"node_modules/methods": {
			"version": "1.1.2",
			"license": "MIT",
			"engines": {
				"node": ">= 0.6"
			}
		},
		"node_modules/mime": {
			"version": "1.6.0",
			"license": "MIT",
			"bin": {
				"mime": "cli.js"
			},
			"engines": {
				"node": ">=4"
			}
		},
		"node_modules/mime-db": {
			"version": "1.44.0",
			"license": "MIT",
			"engines": {
				"node": ">= 0.6"
			}
		},
		"node_modules/mime-types": {
			"version": "2.1.27",
			"license": "MIT",
			"dependencies": {
				"mime-db": "1.44.0"
			},
			"engines": {
				"node": ">= 0.6"
			}
		},
		"node_modules/minimatch": {
			"version": "3.0.4",
			"license": "ISC",
			"dependencies": {
				"brace-expansion": "^1.1.7"
			},
			"engines": {
				"node": "*"
			}
		},
		"node_modules/minimist": {
			"version": "1.2.5",
			"license": "MIT"
		},
		"node_modules/mkdirp": {
			"version": "0.5.5",
			"license": "MIT",
			"dependencies": {
				"minimist": "^1.2.5"
			},
			"bin": {
				"mkdirp": "bin/cmd.js"
			}
		},
		"node_modules/ms": {
			"version": "2.1.2",
			"license": "MIT"
		},
		"node_modules/natural-compare": {
			"version": "1.4.0",
			"license": "MIT"
		},
		"node_modules/negotiator": {
			"version": "0.6.2",
			"license": "MIT",
			"engines": {
				"node": ">= 0.6"
			}
		},
		"node_modules/on-finished": {
			"version": "2.3.0",
			"license": "MIT",
			"dependencies": {
				"ee-first": "1.1.1"
			},
			"engines": {
				"node": ">= 0.8"
			}
		},
		"node_modules/once": {
			"version": "1.4.0",
			"license": "ISC",
			"dependencies": {
				"wrappy": "1"
			}
		},
		"node_modules/optionator": {
			"version": "0.9.1",
			"license": "MIT",
			"dependencies": {
				"deep-is": "^0.1.3",
				"fast-levenshtein": "^2.0.6",
				"levn": "^0.4.1",
				"prelude-ls": "^1.2.1",
				"type-check": "^0.4.0",
				"word-wrap": "^1.2.3"
			},
			"engines": {
				"node": ">= 0.8.0"
			}
		},
		"node_modules/parent-module": {
			"version": "1.0.1",
			"license": "MIT",
			"dependencies": {
				"callsites": "^3.0.0"
			},
			"engines": {
				"node": ">=6"
			}
		},
		"node_modules/parseurl": {
			"version": "1.3.3",
			"license": "MIT",
			"engines": {
				"node": ">= 0.8"
			}
		},
		"node_modules/path-is-absolute": {
			"version": "1.0.1",
			"license": "MIT",
			"engines": {
				"node": ">=0.10.0"
			}
		},
		"node_modules/path-key": {
			"version": "3.1.1",
			"license": "MIT",
			"engines": {
				"node": ">=8"
			}
		},
		"node_modules/path-to-regexp": {
			"version": "0.1.7",
			"license": "MIT"
		},
		"node_modules/prelude-ls": {
			"version": "1.2.1",
			"license": "MIT",
			"engines": {
				"node": ">= 0.8.0"
			}
		},
		"node_modules/prettier": {
			"version": "2.3.1",
			"resolved": "https://registry.npmjs.org/prettier/-/prettier-2.3.1.tgz",
			"integrity": "sha512-p+vNbgpLjif/+D+DwAZAbndtRrR0md0MwfmOVN9N+2RgyACMT+7tfaRnT+WDPkqnuVwleyuBIG2XBxKDme3hPA==",
			"dev": true,
			"bin": {
				"prettier": "bin-prettier.js"
			},
			"engines": {
				"node": ">=10.13.0"
			}
		},
		"node_modules/progress": {
			"version": "2.0.3",
			"license": "MIT",
			"engines": {
				"node": ">=0.4.0"
			}
		},
		"node_modules/proxy-addr": {
			"version": "2.0.6",
			"license": "MIT",
			"dependencies": {
				"forwarded": "~0.1.2",
				"ipaddr.js": "1.9.1"
			},
			"engines": {
				"node": ">= 0.10"
			}
		},
		"node_modules/punycode": {
			"version": "2.1.1",
			"license": "MIT",
			"engines": {
				"node": ">=6"
			}
		},
		"node_modules/qs": {
			"version": "6.7.0",
			"license": "BSD-3-Clause",
			"engines": {
				"node": ">=0.6"
			}
		},
		"node_modules/range-parser": {
			"version": "1.2.1",
			"license": "MIT",
			"engines": {
				"node": ">= 0.6"
			}
		},
		"node_modules/raw-body": {
			"version": "2.4.0",
			"license": "MIT",
			"dependencies": {
				"bytes": "3.1.0",
				"http-errors": "1.7.2",
				"iconv-lite": "0.4.24",
				"unpipe": "1.0.0"
			},
			"engines": {
				"node": ">= 0.8"
			}
		},
		"node_modules/regexpp": {
			"version": "3.1.0",
			"license": "MIT",
			"engines": {
				"node": ">=8"
			},
			"funding": {
				"url": "https://github.com/sponsors/mysticatea"
			}
		},
		"node_modules/resolve-from": {
			"version": "4.0.0",
			"license": "MIT",
			"engines": {
				"node": ">=4"
			}
		},
		"node_modules/rimraf": {
			"version": "2.6.3",
			"license": "ISC",
			"dependencies": {
				"glob": "^7.1.3"
			},
			"bin": {
				"rimraf": "bin.js"
			}
		},
		"node_modules/safe-buffer": {
			"version": "5.1.2",
			"license": "MIT"
		},
		"node_modules/safer-buffer": {
			"version": "2.1.2",
			"license": "MIT"
		},
		"node_modules/semver": {
			"version": "7.3.2",
			"license": "ISC",
			"bin": {
				"semver": "bin/semver.js"
			},
			"engines": {
				"node": ">=10"
			}
		},
		"node_modules/send": {
			"version": "0.17.1",
			"license": "MIT",
			"dependencies": {
				"debug": "2.6.9",
				"depd": "~1.1.2",
				"destroy": "~1.0.4",
				"encodeurl": "~1.0.2",
				"escape-html": "~1.0.3",
				"etag": "~1.8.1",
				"fresh": "0.5.2",
				"http-errors": "~1.7.2",
				"mime": "1.6.0",
				"ms": "2.1.1",
				"on-finished": "~2.3.0",
				"range-parser": "~1.2.1",
				"statuses": "~1.5.0"
			},
			"engines": {
				"node": ">= 0.8.0"
			}
		},
		"node_modules/send/node_modules/debug": {
			"version": "2.6.9",
			"license": "MIT",
			"dependencies": {
				"ms": "2.0.0"
			}
		},
		"node_modules/send/node_modules/debug/node_modules/ms": {
			"version": "2.0.0",
			"license": "MIT"
		},
		"node_modules/send/node_modules/ms": {
			"version": "2.1.1",
			"license": "MIT"
		},
		"node_modules/serve-static": {
			"version": "1.14.1",
			"license": "MIT",
			"dependencies": {
				"encodeurl": "~1.0.2",
				"escape-html": "~1.0.3",
				"parseurl": "~1.3.3",
				"send": "0.17.1"
			},
			"engines": {
				"node": ">= 0.8.0"
			}
		},
		"node_modules/setprototypeof": {
			"version": "1.1.1",
			"license": "ISC"
		},
		"node_modules/shebang-command": {
			"version": "2.0.0",
			"license": "MIT",
			"dependencies": {
				"shebang-regex": "^3.0.0"
			},
			"engines": {
				"node": ">=8"
			}
		},
		"node_modules/shebang-regex": {
			"version": "3.0.0",
			"license": "MIT",
			"engines": {
				"node": ">=8"
			}
		},
		"node_modules/slice-ansi": {
			"version": "2.1.0",
			"license": "MIT",
			"dependencies": {
				"ansi-styles": "^3.2.0",
				"astral-regex": "^1.0.0",
				"is-fullwidth-code-point": "^2.0.0"
			},
			"engines": {
				"node": ">=6"
			}
		},
		"node_modules/sprintf-js": {
			"version": "1.0.3",
			"license": "BSD-3-Clause"
		},
		"node_modules/statuses": {
			"version": "1.5.0",
			"license": "MIT",
			"engines": {
				"node": ">= 0.6"
			}
		},
		"node_modules/string-width": {
			"version": "3.1.0",
			"license": "MIT",
			"dependencies": {
				"emoji-regex": "^7.0.1",
				"is-fullwidth-code-point": "^2.0.0",
				"strip-ansi": "^5.1.0"
			},
			"engines": {
				"node": ">=6"
			}
		},
		"node_modules/string-width/node_modules/ansi-regex": {
			"version": "4.1.0",
			"license": "MIT",
			"engines": {
				"node": ">=6"
			}
		},
		"node_modules/string-width/node_modules/strip-ansi": {
			"version": "5.2.0",
			"license": "MIT",
			"dependencies": {
				"ansi-regex": "^4.1.0"
			},
			"engines": {
				"node": ">=6"
			}
		},
		"node_modules/strip-ansi": {
			"version": "6.0.0",
			"license": "MIT",
			"dependencies": {
				"ansi-regex": "^5.0.0"
			},
			"engines": {
				"node": ">=8"
			}
		},
		"node_modules/strip-json-comments": {
			"version": "3.1.0",
			"license": "MIT",
			"engines": {
				"node": ">=8"
			}
		},
		"node_modules/supports-color": {
			"version": "5.5.0",
			"license": "MIT",
			"dependencies": {
				"has-flag": "^3.0.0"
			},
			"engines": {
				"node": ">=4"
			}
		},
		"node_modules/table": {
			"version": "5.4.6",
			"license": "BSD-3-Clause",
			"dependencies": {
				"ajv": "^6.10.2",
				"lodash": "^4.17.14",
				"slice-ansi": "^2.1.0",
				"string-width": "^3.0.0"
			},
			"engines": {
				"node": ">=6.0.0"
			}
		},
		"node_modules/text-table": {
			"version": "0.2.0",
			"license": "MIT"
		},
		"node_modules/toidentifier": {
			"version": "1.0.0",
			"license": "MIT",
			"engines": {
				"node": ">=0.6"
			}
		},
		"node_modules/type-check": {
			"version": "0.4.0",
			"license": "MIT",
			"dependencies": {
				"prelude-ls": "^1.2.1"
			},
			"engines": {
				"node": ">= 0.8.0"
			}
		},
		"node_modules/type-fest": {
			"version": "0.8.1",
			"license": "(MIT OR CC0-1.0)",
			"engines": {
				"node": ">=8"
			}
		},
		"node_modules/type-is": {
			"version": "1.6.18",
			"license": "MIT",
			"dependencies": {
				"media-typer": "0.3.0",
				"mime-types": "~2.1.24"
			},
			"engines": {
				"node": ">= 0.6"
			}
		},
		"node_modules/underscore": {
			"version": "1.10.2",
			"license": "MIT"
		},
		"node_modules/unpipe": {
			"version": "1.0.0",
			"license": "MIT",
			"engines": {
				"node": ">= 0.8"
			}
		},
		"node_modules/uri-js": {
			"version": "4.2.2",
			"license": "BSD-2-Clause",
			"dependencies": {
				"punycode": "^2.1.0"
			}
		},
		"node_modules/utils-merge": {
			"version": "1.0.1",
			"license": "MIT",
			"engines": {
				"node": ">= 0.4.0"
			}
		},
		"node_modules/v8-compile-cache": {
			"version": "2.1.1",
			"license": "MIT"
		},
		"node_modules/vary": {
			"version": "1.1.2",
			"license": "MIT",
			"engines": {
				"node": ">= 0.8"
			}
		},
		"node_modules/which": {
			"version": "2.0.2",
			"license": "ISC",
			"dependencies": {
				"isexe": "^2.0.0"
			},
			"bin": {
				"node-which": "bin/node-which"
			},
			"engines": {
				"node": ">= 8"
			}
		},
		"node_modules/word-wrap": {
			"version": "1.2.3",
			"license": "MIT",
			"engines": {
				"node": ">=0.10.0"
			}
		},
		"node_modules/wrappy": {
			"version": "1.0.2",
			"license": "ISC"
		},
		"node_modules/write": {
			"version": "1.0.3",
			"license": "MIT",
			"dependencies": {
				"mkdirp": "^0.5.1"
			},
			"engines": {
				"node": ">=4"
			}
		}
	},
	"dependencies": {
		"@babel/code-frame": {
			"version": "7.10.3",
			"requires": {
				"@babel/highlight": "^7.10.3"
			}
		},
		"@babel/helper-validator-identifier": {
			"version": "7.10.3"
		},
		"@babel/highlight": {
			"version": "7.10.3",
			"requires": {
				"@babel/helper-validator-identifier": "^7.10.3",
				"chalk": "^2.0.0",
				"js-tokens": "^4.0.0"
			},
			"dependencies": {
				"chalk": {
					"version": "2.4.2",
					"requires": {
						"ansi-styles": "^3.2.1",
						"escape-string-regexp": "^1.0.5",
						"supports-color": "^5.3.0"
					}
				}
			}
		},
		"@types/color-name": {
			"version": "1.1.1"
		},
		"accepts": {
			"version": "1.3.7",
			"requires": {
				"mime-types": "~2.1.24",
				"negotiator": "0.6.2"
			}
		},
		"acorn": {
			"version": "7.3.1"
		},
		"acorn-jsx": {
			"version": "5.2.0",
			"requires": {}
		},
		"ajv": {
			"version": "6.12.2",
			"requires": {
				"fast-deep-equal": "^3.1.1",
				"fast-json-stable-stringify": "^2.0.0",
				"json-schema-traverse": "^0.4.1",
				"uri-js": "^4.2.2"
			}
		},
		"ansi-colors": {
			"version": "4.1.1"
		},
		"ansi-regex": {
			"version": "5.0.0"
		},
		"ansi-styles": {
			"version": "3.2.1",
			"requires": {
				"color-convert": "^1.9.0"
			}
		},
		"argparse": {
			"version": "1.0.10",
			"requires": {
				"sprintf-js": "~1.0.2"
			}
		},
		"array-flatten": {
			"version": "1.1.1"
		},
		"astral-regex": {
			"version": "1.0.0"
		},
		"balanced-match": {
			"version": "1.0.0"
		},
		"body-parser": {
			"version": "1.19.0",
			"requires": {
				"bytes": "3.1.0",
				"content-type": "~1.0.4",
				"debug": "2.6.9",
				"depd": "~1.1.2",
				"http-errors": "1.7.2",
				"iconv-lite": "0.4.24",
				"on-finished": "~2.3.0",
				"qs": "6.7.0",
				"raw-body": "2.4.0",
				"type-is": "~1.6.17"
			},
			"dependencies": {
				"debug": {
					"version": "2.6.9",
					"requires": {
						"ms": "2.0.0"
					}
				},
				"ms": {
					"version": "2.0.0"
				}
			}
		},
		"brace-expansion": {
			"version": "1.1.11",
			"requires": {
				"balanced-match": "^1.0.0",
				"concat-map": "0.0.1"
			}
		},
		"bytes": {
			"version": "3.1.0"
		},
		"callsites": {
			"version": "3.1.0"
		},
		"chalk": {
			"version": "4.1.0",
			"requires": {
				"ansi-styles": "^4.1.0",
				"supports-color": "^7.1.0"
			},
			"dependencies": {
				"ansi-styles": {
					"version": "4.2.1",
					"requires": {
						"@types/color-name": "^1.1.1",
						"color-convert": "^2.0.1"
					}
				},
				"color-convert": {
					"version": "2.0.1",
					"requires": {
						"color-name": "~1.1.4"
					}
				},
				"color-name": {
					"version": "1.1.4"
				},
				"has-flag": {
					"version": "4.0.0"
				},
				"supports-color": {
					"version": "7.1.0",
					"requires": {
						"has-flag": "^4.0.0"
					}
				}
			}
		},
		"color-convert": {
			"version": "1.9.3",
			"requires": {
				"color-name": "1.1.3"
			}
		},
		"color-name": {
			"version": "1.1.3"
		},
		"concat-map": {
			"version": "0.0.1"
		},
		"content-disposition": {
			"version": "0.5.3",
			"requires": {
				"safe-buffer": "5.1.2"
			}
		},
		"content-type": {
			"version": "1.0.4"
		},
		"cookie": {
			"version": "0.4.0"
		},
		"cookie-signature": {
			"version": "1.0.6"
		},
		"cross-spawn": {
			"version": "7.0.3",
			"requires": {
				"path-key": "^3.1.0",
				"shebang-command": "^2.0.0",
				"which": "^2.0.1"
			}
		},
		"debug": {
			"version": "4.3.1",
			"requires": {
				"ms": "2.1.2"
			}
		},
		"deep-is": {
			"version": "0.1.3"
		},
		"depd": {
			"version": "1.1.2"
		},
		"destroy": {
			"version": "1.0.4"
		},
		"doctrine": {
			"version": "3.0.0",
			"requires": {
				"esutils": "^2.0.2"
			}
		},
		"ee-first": {
			"version": "1.1.1"
		},
		"emoji-regex": {
			"version": "7.0.3"
		},
		"encodeurl": {
			"version": "1.0.2"
		},
		"enquirer": {
			"version": "2.3.6",
			"requires": {
				"ansi-colors": "^4.1.1"
			}
		},
		"escape-html": {
			"version": "1.0.3"
		},
		"escape-string-regexp": {
			"version": "1.0.5"
		},
		"eslint": {
			"version": "7.3.0",
			"requires": {
				"@babel/code-frame": "^7.0.0",
				"ajv": "^6.10.0",
				"chalk": "^4.0.0",
				"cross-spawn": "^7.0.2",
				"debug": "^4.0.1",
				"doctrine": "^3.0.0",
				"enquirer": "^2.3.5",
				"eslint-scope": "^5.1.0",
				"eslint-utils": "^2.0.0",
				"eslint-visitor-keys": "^1.2.0",
				"espree": "^7.1.0",
				"esquery": "^1.2.0",
				"esutils": "^2.0.2",
				"file-entry-cache": "^5.0.1",
				"functional-red-black-tree": "^1.0.1",
				"glob-parent": "^5.0.0",
				"globals": "^12.1.0",
				"ignore": "^4.0.6",
				"import-fresh": "^3.0.0",
				"imurmurhash": "^0.1.4",
				"is-glob": "^4.0.0",
				"js-yaml": "^3.13.1",
				"json-stable-stringify-without-jsonify": "^1.0.1",
				"levn": "^0.4.1",
				"lodash": "^4.17.14",
				"minimatch": "^3.0.4",
				"natural-compare": "^1.4.0",
				"optionator": "^0.9.1",
				"progress": "^2.0.0",
				"regexpp": "^3.1.0",
				"semver": "^7.2.1",
				"strip-ansi": "^6.0.0",
				"strip-json-comments": "^3.1.0",
				"table": "^5.2.3",
				"text-table": "^0.2.0",
				"v8-compile-cache": "^2.0.3"
			}
		},
		"eslint-scope": {
			"version": "5.1.0",
			"requires": {
				"esrecurse": "^4.1.0",
				"estraverse": "^4.1.1"
			}
		},
		"eslint-utils": {
			"version": "2.1.0",
			"requires": {
				"eslint-visitor-keys": "^1.1.0"
			}
		},
		"eslint-visitor-keys": {
			"version": "1.3.0"
		},
		"espree": {
			"version": "7.1.0",
			"requires": {
				"acorn": "^7.2.0",
				"acorn-jsx": "^5.2.0",
				"eslint-visitor-keys": "^1.2.0"
			}
		},
		"esprima": {
			"version": "4.0.1"
		},
		"esquery": {
			"version": "1.3.1",
			"requires": {
				"estraverse": "^5.1.0"
			},
			"dependencies": {
				"estraverse": {
					"version": "5.1.0"
				}
			}
		},
		"esrecurse": {
			"version": "4.2.1",
			"requires": {
				"estraverse": "^4.1.0"
			}
		},
		"estraverse": {
			"version": "4.3.0"
		},
		"esutils": {
			"version": "2.0.3"
		},
		"etag": {
			"version": "1.8.1"
		},
		"express": {
			"version": "4.17.1",
			"requires": {
				"accepts": "~1.3.7",
				"array-flatten": "1.1.1",
				"body-parser": "1.19.0",
				"content-disposition": "0.5.3",
				"content-type": "~1.0.4",
				"cookie": "0.4.0",
				"cookie-signature": "1.0.6",
				"debug": "2.6.9",
				"depd": "~1.1.2",
				"encodeurl": "~1.0.2",
				"escape-html": "~1.0.3",
				"etag": "~1.8.1",
				"finalhandler": "~1.1.2",
				"fresh": "0.5.2",
				"merge-descriptors": "1.0.1",
				"methods": "~1.1.2",
				"on-finished": "~2.3.0",
				"parseurl": "~1.3.3",
				"path-to-regexp": "0.1.7",
				"proxy-addr": "~2.0.5",
				"qs": "6.7.0",
				"range-parser": "~1.2.1",
				"safe-buffer": "5.1.2",
				"send": "0.17.1",
				"serve-static": "1.14.1",
				"setprototypeof": "1.1.1",
				"statuses": "~1.5.0",
				"type-is": "~1.6.18",
				"utils-merge": "1.0.1",
				"vary": "~1.1.2"
			},
			"dependencies": {
				"debug": {
					"version": "2.6.9",
					"requires": {
						"ms": "2.0.0"
					}
				},
				"ms": {
					"version": "2.0.0"
				}
			}
		},
		"fast-deep-equal": {
			"version": "3.1.3"
		},
		"fast-json-stable-stringify": {
			"version": "2.1.0"
		},
		"fast-levenshtein": {
			"version": "2.0.6"
		},
		"file-entry-cache": {
			"version": "5.0.1",
			"requires": {
				"flat-cache": "^2.0.1"
			}
		},
		"finalhandler": {
			"version": "1.1.2",
			"requires": {
				"debug": "2.6.9",
				"encodeurl": "~1.0.2",
				"escape-html": "~1.0.3",
				"on-finished": "~2.3.0",
				"parseurl": "~1.3.3",
				"statuses": "~1.5.0",
				"unpipe": "~1.0.0"
			},
			"dependencies": {
				"debug": {
					"version": "2.6.9",
					"requires": {
						"ms": "2.0.0"
					}
				},
				"ms": {
					"version": "2.0.0"
				}
			}
		},
		"flat-cache": {
			"version": "2.0.1",
			"requires": {
				"flatted": "^2.0.0",
				"rimraf": "2.6.3",
				"write": "1.0.3"
			}
		},
		"flatted": {
			"version": "2.0.2"
		},
		"forwarded": {
			"version": "0.1.2"
		},
		"fresh": {
			"version": "0.5.2"
		},
		"fs.realpath": {
			"version": "1.0.0"
		},
		"functional-red-black-tree": {
			"version": "1.0.1"
		},
		"glob": {
			"version": "7.1.6",
			"requires": {
				"fs.realpath": "^1.0.0",
				"inflight": "^1.0.4",
				"inherits": "2",
				"minimatch": "^3.0.4",
				"once": "^1.3.0",
				"path-is-absolute": "^1.0.0"
			}
		},
		"glob-parent": {
			"version": "5.1.2",
			"requires": {
				"is-glob": "^4.0.1"
			}
		},
		"globals": {
			"version": "12.4.0",
			"requires": {
				"type-fest": "^0.8.1"
			}
		},
		"has-flag": {
			"version": "3.0.0"
		},
		"http-errors": {
			"version": "1.7.2",
			"requires": {
				"depd": "~1.1.2",
				"inherits": "2.0.3",
				"setprototypeof": "1.1.1",
				"statuses": ">= 1.5.0 < 2",
				"toidentifier": "1.0.0"
			},
			"dependencies": {
				"inherits": {
					"version": "2.0.3"
				}
			}
		},
		"iconv-lite": {
			"version": "0.4.24",
			"requires": {
				"safer-buffer": ">= 2.1.2 < 3"
			}
		},
		"ignore": {
			"version": "4.0.6"
		},
		"import-fresh": {
			"version": "3.2.1",
			"requires": {
				"parent-module": "^1.0.0",
				"resolve-from": "^4.0.0"
			}
		},
		"imurmurhash": {
			"version": "0.1.4"
		},
		"inflight": {
			"version": "1.0.6",
			"requires": {
				"once": "^1.3.0",
				"wrappy": "1"
			}
		},
		"inherits": {
			"version": "2.0.4"
		},
		"ipaddr.js": {
			"version": "1.9.1"
		},
		"is-extglob": {
			"version": "2.1.1"
		},
		"is-fullwidth-code-point": {
			"version": "2.0.0"
		},
		"is-glob": {
			"version": "4.0.1",
			"requires": {
				"is-extglob": "^2.1.1"
			}
		},
		"isexe": {
			"version": "2.0.0"
		},
		"js-tokens": {
			"version": "4.0.0"
		},
		"js-yaml": {
			"version": "3.14.0",
			"requires": {
				"argparse": "^1.0.7",
				"esprima": "^4.0.0"
			}
		},
		"json-schema-traverse": {
			"version": "0.4.1"
		},
		"json-stable-stringify-without-jsonify": {
			"version": "1.0.1"
		},
		"levn": {
			"version": "0.4.1",
			"requires": {
				"prelude-ls": "^1.2.1",
				"type-check": "~0.4.0"
			}
		},
		"lodash": {
			"version": "4.17.19"
		},
		"media-typer": {
			"version": "0.3.0"
		},
		"merge-descriptors": {
			"version": "1.0.1"
		},
		"methods": {
			"version": "1.1.2"
		},
		"mime": {
			"version": "1.6.0"
		},
		"mime-db": {
			"version": "1.44.0"
		},
		"mime-types": {
			"version": "2.1.27",
			"requires": {
				"mime-db": "1.44.0"
			}
		},
		"minimatch": {
			"version": "3.0.4",
			"requires": {
				"brace-expansion": "^1.1.7"
			}
		},
		"minimist": {
			"version": "1.2.5"
		},
		"mkdirp": {
			"version": "0.5.5",
			"requires": {
				"minimist": "^1.2.5"
			}
		},
		"ms": {
			"version": "2.1.2"
		},
		"natural-compare": {
			"version": "1.4.0"
		},
		"negotiator": {
			"version": "0.6.2"
		},
		"on-finished": {
			"version": "2.3.0",
			"requires": {
				"ee-first": "1.1.1"
			}
		},
		"once": {
			"version": "1.4.0",
			"requires": {
				"wrappy": "1"
			}
		},
		"optionator": {
			"version": "0.9.1",
			"requires": {
				"deep-is": "^0.1.3",
				"fast-levenshtein": "^2.0.6",
				"levn": "^0.4.1",
				"prelude-ls": "^1.2.1",
				"type-check": "^0.4.0",
				"word-wrap": "^1.2.3"
			}
		},
		"parent-module": {
			"version": "1.0.1",
			"requires": {
				"callsites": "^3.0.0"
			}
		},
		"parseurl": {
			"version": "1.3.3"
		},
		"path-is-absolute": {
			"version": "1.0.1"
		},
		"path-key": {
			"version": "3.1.1"
		},
		"path-to-regexp": {
			"version": "0.1.7"
		},
		"prelude-ls": {
			"version": "1.2.1"
		},
		"prettier": {
			"version": "2.3.1",
			"resolved": "https://registry.npmjs.org/prettier/-/prettier-2.3.1.tgz",
			"integrity": "sha512-p+vNbgpLjif/+D+DwAZAbndtRrR0md0MwfmOVN9N+2RgyACMT+7tfaRnT+WDPkqnuVwleyuBIG2XBxKDme3hPA==",
			"dev": true
		},
		"progress": {
			"version": "2.0.3"
		},
		"proxy-addr": {
			"version": "2.0.6",
			"requires": {
				"forwarded": "~0.1.2",
				"ipaddr.js": "1.9.1"
			}
		},
		"punycode": {
			"version": "2.1.1"
		},
		"qs": {
			"version": "6.7.0"
		},
		"range-parser": {
			"version": "1.2.1"
		},
		"raw-body": {
			"version": "2.4.0",
			"requires": {
				"bytes": "3.1.0",
				"http-errors": "1.7.2",
				"iconv-lite": "0.4.24",
				"unpipe": "1.0.0"
			}
		},
		"regexpp": {
			"version": "3.1.0"
		},
		"resolve-from": {
			"version": "4.0.0"
		},
		"rimraf": {
			"version": "2.6.3",
			"requires": {
				"glob": "^7.1.3"
			}
		},
		"safe-buffer": {
			"version": "5.1.2"
		},
		"safer-buffer": {
			"version": "2.1.2"
		},
		"semver": {
			"version": "7.3.2"
		},
		"send": {
			"version": "0.17.1",
			"requires": {
				"debug": "2.6.9",
				"depd": "~1.1.2",
				"destroy": "~1.0.4",
				"encodeurl": "~1.0.2",
				"escape-html": "~1.0.3",
				"etag": "~1.8.1",
				"fresh": "0.5.2",
				"http-errors": "~1.7.2",
				"mime": "1.6.0",
				"ms": "2.1.1",
				"on-finished": "~2.3.0",
				"range-parser": "~1.2.1",
				"statuses": "~1.5.0"
			},
			"dependencies": {
				"debug": {
					"version": "2.6.9",
					"requires": {
						"ms": "2.0.0"
					},
					"dependencies": {
						"ms": {
							"version": "2.0.0"
						}
					}
				},
				"ms": {
					"version": "2.1.1"
				}
			}
		},
		"serve-static": {
			"version": "1.14.1",
			"requires": {
				"encodeurl": "~1.0.2",
				"escape-html": "~1.0.3",
				"parseurl": "~1.3.3",
				"send": "0.17.1"
			}
		},
		"setprototypeof": {
			"version": "1.1.1"
		},
		"shebang-command": {
			"version": "2.0.0",
			"requires": {
				"shebang-regex": "^3.0.0"
			}
		},
		"shebang-regex": {
			"version": "3.0.0"
		},
		"slice-ansi": {
			"version": "2.1.0",
			"requires": {
				"ansi-styles": "^3.2.0",
				"astral-regex": "^1.0.0",
				"is-fullwidth-code-point": "^2.0.0"
			}
		},
		"sprintf-js": {
			"version": "1.0.3"
		},
		"statuses": {
			"version": "1.5.0"
		},
		"string-width": {
			"version": "3.1.0",
			"requires": {
				"emoji-regex": "^7.0.1",
				"is-fullwidth-code-point": "^2.0.0",
				"strip-ansi": "^5.1.0"
			},
			"dependencies": {
				"ansi-regex": {
					"version": "4.1.0"
				},
				"strip-ansi": {
					"version": "5.2.0",
					"requires": {
						"ansi-regex": "^4.1.0"
					}
				}
			}
		},
		"strip-ansi": {
			"version": "6.0.0",
			"requires": {
				"ansi-regex": "^5.0.0"
			}
		},
		"strip-json-comments": {
			"version": "3.1.0"
		},
		"supports-color": {
			"version": "5.5.0",
			"requires": {
				"has-flag": "^3.0.0"
			}
		},
		"table": {
			"version": "5.4.6",
			"requires": {
				"ajv": "^6.10.2",
				"lodash": "^4.17.14",
				"slice-ansi": "^2.1.0",
				"string-width": "^3.0.0"
			}
		},
		"text-table": {
			"version": "0.2.0"
		},
		"toidentifier": {
			"version": "1.0.0"
		},
		"type-check": {
			"version": "0.4.0",
			"requires": {
				"prelude-ls": "^1.2.1"
			}
		},
		"type-fest": {
			"version": "0.8.1"
		},
		"type-is": {
			"version": "1.6.18",
			"requires": {
				"media-typer": "0.3.0",
				"mime-types": "~2.1.24"
			}
		},
		"underscore": {
			"version": "1.10.2"
		},
		"unpipe": {
			"version": "1.0.0"
		},
		"uri-js": {
			"version": "4.2.2",
			"requires": {
				"punycode": "^2.1.0"
			}
		},
		"utils-merge": {
			"version": "1.0.1"
		},
		"v8-compile-cache": {
			"version": "2.1.1"
		},
		"vary": {
			"version": "1.1.2"
		},
		"which": {
			"version": "2.0.2",
			"requires": {
				"isexe": "^2.0.0"
			}
		},
		"word-wrap": {
			"version": "1.2.3"
		},
		"wrappy": {
			"version": "1.0.2"
		},
		"write": {
			"version": "1.0.3",
			"requires": {
				"mkdirp": "^0.5.1"
			}
		}
	}
}
